// !$*UTF8*$!
{
	archiveVersion = 1;
	classes = {
	};
	objectVersion = 51;
	objects = {

/* Begin PBXBuildFile section */
		5253556D2766538D00194E3B /* Pattern_PuzzlesApp.swift in Sources */ = {isa = PBXBuildFile; fileRef = 5253556C2766538D00194E3B /* Pattern_PuzzlesApp.swift */; };
		5253556F2766538D00194E3B /* AppView.swift in Sources */ = {isa = PBXBuildFile; fileRef = 5253556E2766538D00194E3B /* AppView.swift */; };
		525355712766539100194E3B /* Assets.xcassets in Resources */ = {isa = PBXBuildFile; fileRef = 525355702766539100194E3B /* Assets.xcassets */; };
		525355742766539100194E3B /* Preview Assets.xcassets in Resources */ = {isa = PBXBuildFile; fileRef = 525355732766539100194E3B /* Preview Assets.xcassets */; };
		5253557C276653BD00194E3B /* QuestionViewModel.swift in Sources */ = {isa = PBXBuildFile; fileRef = 5253557B276653BD00194E3B /* QuestionViewModel.swift */; };
		5253557E276653FE00194E3B /* QuestionModel.swift in Sources */ = {isa = PBXBuildFile; fileRef = 5253557D276653FE00194E3B /* QuestionModel.swift */; };
		525355802766541200194E3B /* Parser.swift in Sources */ = {isa = PBXBuildFile; fileRef = 5253557F2766541200194E3B /* Parser.swift */; };
		525355832766554800194E3B /* App1_json.json in Resources */ = {isa = PBXBuildFile; fileRef = 525355822766554800194E3B /* App1_json.json */; };
		528998EB27665B8900AD3EA4 /* BannerView.swift in Sources */ = {isa = PBXBuildFile; fileRef = 528998EA27665B8900AD3EA4 /* BannerView.swift */; };
		D32C2C513739FC946798EAD8 /* Pods_Pattern_Puzzles.framework in Frameworks */ = {isa = PBXBuildFile; fileRef = 7A9413FE4ED33BFB69CA9B18 /* Pods_Pattern_Puzzles.framework */; };
/* End PBXBuildFile section */

/* Begin PBXFileReference section */
		525355692766538D00194E3B /* Pattern_Puzzles.app */ = {isa = PBXFileReference; explicitFileType = wrapper.application; includeInIndex = 0; path = Pattern_Puzzles.app; sourceTree = BUILT_PRODUCTS_DIR; };
		5253556C2766538D00194E3B /* Pattern_PuzzlesApp.swift */ = {isa = PBXFileReference; lastKnownFileType = sourcecode.swift; path = Pattern_PuzzlesApp.swift; sourceTree = "<group>"; };
		5253556E2766538D00194E3B /* AppView.swift */ = {isa = PBXFileReference; lastKnownFileType = sourcecode.swift; path = AppView.swift; sourceTree = "<group>"; };
		525355702766539100194E3B /* Assets.xcassets */ = {isa = PBXFileReference; lastKnownFileType = folder.assetcatalog; path = Assets.xcassets; sourceTree = "<group>"; };
		525355732766539100194E3B /* Preview Assets.xcassets */ = {isa = PBXFileReference; lastKnownFileType = folder.assetcatalog; path = "Preview Assets.xcassets"; sourceTree = "<group>"; };
		525355752766539100194E3B /* Info.plist */ = {isa = PBXFileReference; lastKnownFileType = text.plist.xml; path = Info.plist; sourceTree = "<group>"; };
		5253557B276653BD00194E3B /* QuestionViewModel.swift */ = {isa = PBXFileReference; lastKnownFileType = sourcecode.swift; path = QuestionViewModel.swift; sourceTree = "<group>"; };
		5253557D276653FE00194E3B /* QuestionModel.swift */ = {isa = PBXFileReference; lastKnownFileType = sourcecode.swift; path = QuestionModel.swift; sourceTree = "<group>"; };
		5253557F2766541200194E3B /* Parser.swift */ = {isa = PBXFileReference; lastKnownFileType = sourcecode.swift; path = Parser.swift; sourceTree = "<group>"; };
		525355822766554800194E3B /* App1_json.json */ = {isa = PBXFileReference; fileEncoding = 4; lastKnownFileType = text.json; path = App1_json.json; sourceTree = "<group>"; };
		528998EA27665B8900AD3EA4 /* BannerView.swift */ = {isa = PBXFileReference; lastKnownFileType = sourcecode.swift; path = BannerView.swift; sourceTree = "<group>"; };
		7A9413FE4ED33BFB69CA9B18 /* Pods_Pattern_Puzzles.framework */ = {isa = PBXFileReference; explicitFileType = wrapper.framework; includeInIndex = 0; path = Pods_Pattern_Puzzles.framework; sourceTree = BUILT_PRODUCTS_DIR; };
		9E3A1E5B97D80D1353F0D0CF /* Pods-Pattern_Puzzles.release.xcconfig */ = {isa = PBXFileReference; includeInIndex = 1; lastKnownFileType = text.xcconfig; name = "Pods-Pattern_Puzzles.release.xcconfig"; path = "Target Support Files/Pods-Pattern_Puzzles/Pods-Pattern_Puzzles.release.xcconfig"; sourceTree = "<group>"; };
		D14EE0DD4FC5A466B051D7E8 /* Pods-Pattern_Puzzles.debug.xcconfig */ = {isa = PBXFileReference; includeInIndex = 1; lastKnownFileType = text.xcconfig; name = "Pods-Pattern_Puzzles.debug.xcconfig"; path = "Target Support Files/Pods-Pattern_Puzzles/Pods-Pattern_Puzzles.debug.xcconfig"; sourceTree = "<group>"; };
/* End PBXFileReference section */

/* Begin PBXFrameworksBuildPhase section */
		525355662766538D00194E3B /* Frameworks */ = {
			isa = PBXFrameworksBuildPhase;
			buildActionMask = 2147483647;
			files = (
				D32C2C513739FC946798EAD8 /* Pods_Pattern_Puzzles.framework in Frameworks */,
			);
			runOnlyForDeploymentPostprocessing = 0;
		};
/* End PBXFrameworksBuildPhase section */

/* Begin PBXGroup section */
		4C46B6D96B9924A66E3A0812 /* Frameworks */ = {
			isa = PBXGroup;
			children = (
				7A9413FE4ED33BFB69CA9B18 /* Pods_Pattern_Puzzles.framework */,
			);
			name = Frameworks;
			sourceTree = "<group>";
		};
		525355602766538D00194E3B = {
			isa = PBXGroup;
			children = (
				5253556B2766538D00194E3B /* Pattern_Puzzles */,
				5253556A2766538D00194E3B /* Products */,
				83E64C02C7474726A049C075 /* Pods */,
				4C46B6D96B9924A66E3A0812 /* Frameworks */,
			);
			sourceTree = "<group>";
		};
		5253556A2766538D00194E3B /* Products */ = {
			isa = PBXGroup;
			children = (
				525355692766538D00194E3B /* Pattern_Puzzles.app */,
			);
			name = Products;
			sourceTree = "<group>";
		};
		5253556B2766538D00194E3B /* Pattern_Puzzles */ = {
			isa = PBXGroup;
			children = (
				5253556C2766538D00194E3B /* Pattern_PuzzlesApp.swift */,
				5253556E2766538D00194E3B /* AppView.swift */,
				5253557B276653BD00194E3B /* QuestionViewModel.swift */,
				528998E927665B6100AD3EA4 /* AdViews */,
				5253557D276653FE00194E3B /* QuestionModel.swift */,
				5253557F2766541200194E3B /* Parser.swift */,
				52535581276654DF00194E3B /* Resources */,
				525355702766539100194E3B /* Assets.xcassets */,
				525355752766539100194E3B /* Info.plist */,
				525355722766539100194E3B /* Preview Content */,
			);
			path = Pattern_Puzzles;
			sourceTree = "<group>";
		};
		525355722766539100194E3B /* Preview Content */ = {
			isa = PBXGroup;
			children = (
				525355732766539100194E3B /* Preview Assets.xcassets */,
			);
			path = "Preview Content";
			sourceTree = "<group>";
		};
		52535581276654DF00194E3B /* Resources */ = {
			isa = PBXGroup;
			children = (
				525355822766554800194E3B /* App1_json.json */,
			);
			path = Resources;
			sourceTree = "<group>";
		};
		528998E927665B6100AD3EA4 /* AdViews */ = {
			isa = PBXGroup;
			children = (
				528998EA27665B8900AD3EA4 /* BannerView.swift */,
			);
			path = AdViews;
			sourceTree = "<group>";
		};
		83E64C02C7474726A049C075 /* Pods */ = {
			isa = PBXGroup;
			children = (
				D14EE0DD4FC5A466B051D7E8 /* Pods-Pattern_Puzzles.debug.xcconfig */,
				9E3A1E5B97D80D1353F0D0CF /* Pods-Pattern_Puzzles.release.xcconfig */,
			);
			path = Pods;
			sourceTree = "<group>";
		};
/* End PBXGroup section */

/* Begin PBXNativeTarget section */
		525355682766538D00194E3B /* Pattern_Puzzles */ = {
			isa = PBXNativeTarget;
			buildConfigurationList = 525355782766539100194E3B /* Build configuration list for PBXNativeTarget "Pattern_Puzzles" */;
			buildPhases = (
				D7B6FC7722C05F60ED91CFC9 /* [CP] Check Pods Manifest.lock */,
				525355652766538D00194E3B /* Sources */,
				525355662766538D00194E3B /* Frameworks */,
				525355672766538D00194E3B /* Resources */,
				1E2764A0F60B536BB82DF5C3 /* [CP] Embed Pods Frameworks */,
			);
			buildRules = (
			);
			dependencies = (
			);
			name = Pattern_Puzzles;
			productName = Pattern_Puzzles;
			productReference = 525355692766538D00194E3B /* Pattern_Puzzles.app */;
			productType = "com.apple.product-type.application";
		};
/* End PBXNativeTarget section */

/* Begin PBXProject section */
		525355612766538D00194E3B /* Project object */ = {
			isa = PBXProject;
			attributes = {
				LastSwiftUpdateCheck = 1250;
				LastUpgradeCheck = 1250;
				TargetAttributes = {
					525355682766538D00194E3B = {
						CreatedOnToolsVersion = 12.5.1;
					};
				};
			};
			buildConfigurationList = 525355642766538D00194E3B /* Build configuration list for PBXProject "Pattern_Puzzles" */;
			compatibilityVersion = "Xcode 9.3";
			developmentRegion = en;
			hasScannedForEncodings = 0;
			knownRegions = (
				en,
				Base,
			);
			mainGroup = 525355602766538D00194E3B;
			productRefGroup = 5253556A2766538D00194E3B /* Products */;
			projectDirPath = "";
			projectRoot = "";
			targets = (
				525355682766538D00194E3B /* Pattern_Puzzles */,
			);
		};
/* End PBXProject section */

/* Begin PBXResourcesBuildPhase section */
		525355672766538D00194E3B /* Resources */ = {
			isa = PBXResourcesBuildPhase;
			buildActionMask = 2147483647;
			files = (
				525355832766554800194E3B /* App1_json.json in Resources */,
				525355742766539100194E3B /* Preview Assets.xcassets in Resources */,
				525355712766539100194E3B /* Assets.xcassets in Resources */,
			);
			runOnlyForDeploymentPostprocessing = 0;
		};
/* End PBXResourcesBuildPhase section */

/* Begin PBXShellScriptBuildPhase section */
		1E2764A0F60B536BB82DF5C3 /* [CP] Embed Pods Frameworks */ = {
			isa = PBXShellScriptBuildPhase;
			buildActionMask = 2147483647;
			files = (
			);
			inputFileListPaths = (
				"${PODS_ROOT}/Target Support Files/Pods-Pattern_Puzzles/Pods-Pattern_Puzzles-frameworks-${CONFIGURATION}-input-files.xcfilelist",
			);
			name = "[CP] Embed Pods Frameworks";
			outputFileListPaths = (
				"${PODS_ROOT}/Target Support Files/Pods-Pattern_Puzzles/Pods-Pattern_Puzzles-frameworks-${CONFIGURATION}-output-files.xcfilelist",
			);
			runOnlyForDeploymentPostprocessing = 0;
			shellPath = /bin/sh;
			shellScript = "\"${PODS_ROOT}/Target Support Files/Pods-Pattern_Puzzles/Pods-Pattern_Puzzles-frameworks.sh\"\n";
			showEnvVarsInLog = 0;
		};
		D7B6FC7722C05F60ED91CFC9 /* [CP] Check Pods Manifest.lock */ = {
			isa = PBXShellScriptBuildPhase;
			buildActionMask = 2147483647;
			files = (
			);
			inputFileListPaths = (
			);
			inputPaths = (
				"${PODS_PODFILE_DIR_PATH}/Podfile.lock",
				"${PODS_ROOT}/Manifest.lock",
			);
			name = "[CP] Check Pods Manifest.lock";
			outputFileListPaths = (
			);
			outputPaths = (
				"$(DERIVED_FILE_DIR)/Pods-Pattern_Puzzles-checkManifestLockResult.txt",
			);
			runOnlyForDeploymentPostprocessing = 0;
			shellPath = /bin/sh;
			shellScript = "diff \"${PODS_PODFILE_DIR_PATH}/Podfile.lock\" \"${PODS_ROOT}/Manifest.lock\" > /dev/null\nif [ $? != 0 ] ; then\n    # print error to STDERR\n    echo \"error: The sandbox is not in sync with the Podfile.lock. Run 'pod install' or update your CocoaPods installation.\" >&2\n    exit 1\nfi\n# This output is used by Xcode 'outputs' to avoid re-running this script phase.\necho \"SUCCESS\" > \"${SCRIPT_OUTPUT_FILE_0}\"\n";
			showEnvVarsInLog = 0;
		};
/* End PBXShellScriptBuildPhase section */

/* Begin PBXSourcesBuildPhase section */
		525355652766538D00194E3B /* Sources */ = {
			isa = PBXSourcesBuildPhase;
			buildActionMask = 2147483647;
			files = (
				5253556F2766538D00194E3B /* AppView.swift in Sources */,
				5253557C276653BD00194E3B /* QuestionViewModel.swift in Sources */,
				528998EB27665B8900AD3EA4 /* BannerView.swift in Sources */,
				525355802766541200194E3B /* Parser.swift in Sources */,
				5253556D2766538D00194E3B /* Pattern_PuzzlesApp.swift in Sources */,
				5253557E276653FE00194E3B /* QuestionModel.swift in Sources */,
			);
			runOnlyForDeploymentPostprocessing = 0;
		};
/* End PBXSourcesBuildPhase section */

/* Begin XCBuildConfiguration section */
		525355762766539100194E3B /* Debug */ = {
			isa = XCBuildConfiguration;
			buildSettings = {
				ALWAYS_SEARCH_USER_PATHS = NO;
				CLANG_ANALYZER_NONNULL = YES;
				CLANG_ANALYZER_NUMBER_OBJECT_CONVERSION = YES_AGGRESSIVE;
				CLANG_CXX_LANGUAGE_STANDARD = "gnu++14";
				CLANG_CXX_LIBRARY = "libc++";
				CLANG_ENABLE_MODULES = YES;
				CLANG_ENABLE_OBJC_ARC = YES;
				CLANG_ENABLE_OBJC_WEAK = YES;
				CLANG_WARN_BLOCK_CAPTURE_AUTORELEASING = YES;
				CLANG_WARN_BOOL_CONVERSION = YES;
				CLANG_WARN_COMMA = YES;
				CLANG_WARN_CONSTANT_CONVERSION = YES;
				CLANG_WARN_DEPRECATED_OBJC_IMPLEMENTATIONS = YES;
				CLANG_WARN_DIRECT_OBJC_ISA_USAGE = YES_ERROR;
				CLANG_WARN_DOCUMENTATION_COMMENTS = YES;
				CLANG_WARN_EMPTY_BODY = YES;
				CLANG_WARN_ENUM_CONVERSION = YES;
				CLANG_WARN_INFINITE_RECURSION = YES;
				CLANG_WARN_INT_CONVERSION = YES;
				CLANG_WARN_NON_LITERAL_NULL_CONVERSION = YES;
				CLANG_WARN_OBJC_IMPLICIT_RETAIN_SELF = YES;
				CLANG_WARN_OBJC_LITERAL_CONVERSION = YES;
				CLANG_WARN_OBJC_ROOT_CLASS = YES_ERROR;
				CLANG_WARN_QUOTED_INCLUDE_IN_FRAMEWORK_HEADER = YES;
				CLANG_WARN_RANGE_LOOP_ANALYSIS = YES;
				CLANG_WARN_STRICT_PROTOTYPES = YES;
				CLANG_WARN_SUSPICIOUS_MOVE = YES;
				CLANG_WARN_UNGUARDED_AVAILABILITY = YES_AGGRESSIVE;
				CLANG_WARN_UNREACHABLE_CODE = YES;
				CLANG_WARN__DUPLICATE_METHOD_MATCH = YES;
				COPY_PHASE_STRIP = NO;
				DEBUG_INFORMATION_FORMAT = dwarf;
				ENABLE_STRICT_OBJC_MSGSEND = YES;
				ENABLE_TESTABILITY = YES;
				GCC_C_LANGUAGE_STANDARD = gnu11;
				GCC_DYNAMIC_NO_PIC = NO;
				GCC_NO_COMMON_BLOCKS = YES;
				GCC_OPTIMIZATION_LEVEL = 0;
				GCC_PREPROCESSOR_DEFINITIONS = (
					"DEBUG=1",
					"$(inherited)",
				);
				GCC_WARN_64_TO_32_BIT_CONVERSION = YES;
				GCC_WARN_ABOUT_RETURN_TYPE = YES_ERROR;
				GCC_WARN_UNDECLARED_SELECTOR = YES;
				GCC_WARN_UNINITIALIZED_AUTOS = YES_AGGRESSIVE;
				GCC_WARN_UNUSED_FUNCTION = YES;
				GCC_WARN_UNUSED_VARIABLE = YES;
				IPHONEOS_DEPLOYMENT_TARGET = 14.5;
				MTL_ENABLE_DEBUG_INFO = INCLUDE_SOURCE;
				MTL_FAST_MATH = YES;
				ONLY_ACTIVE_ARCH = YES;
				SDKROOT = iphoneos;
				SWIFT_ACTIVE_COMPILATION_CONDITIONS = DEBUG;
				SWIFT_OPTIMIZATION_LEVEL = "-Onone";
			};
			name = Debug;
		};
		525355772766539100194E3B /* Release */ = {
			isa = XCBuildConfiguration;
			buildSettings = {
				ALWAYS_SEARCH_USER_PATHS = NO;
				CLANG_ANALYZER_NONNULL = YES;
				CLANG_ANALYZER_NUMBER_OBJECT_CONVERSION = YES_AGGRESSIVE;
				CLANG_CXX_LANGUAGE_STANDARD = "gnu++14";
				CLANG_CXX_LIBRARY = "libc++";
				CLANG_ENABLE_MODULES = YES;
				CLANG_ENABLE_OBJC_ARC = YES;
				CLANG_ENABLE_OBJC_WEAK = YES;
				CLANG_WARN_BLOCK_CAPTURE_AUTORELEASING = YES;
				CLANG_WARN_BOOL_CONVERSION = YES;
				CLANG_WARN_COMMA = YES;
				CLANG_WARN_CONSTANT_CONVERSION = YES;
				CLANG_WARN_DEPRECATED_OBJC_IMPLEMENTATIONS = YES;
				CLANG_WARN_DIRECT_OBJC_ISA_USAGE = YES_ERROR;
				CLANG_WARN_DOCUMENTATION_COMMENTS = YES;
				CLANG_WARN_EMPTY_BODY = YES;
				CLANG_WARN_ENUM_CONVERSION = YES;
				CLANG_WARN_INFINITE_RECURSION = YES;
				CLANG_WARN_INT_CONVERSION = YES;
				CLANG_WARN_NON_LITERAL_NULL_CONVERSION = YES;
				CLANG_WARN_OBJC_IMPLICIT_RETAIN_SELF = YES;
				CLANG_WARN_OBJC_LITERAL_CONVERSION = YES;
				CLANG_WARN_OBJC_ROOT_CLASS = YES_ERROR;
				CLANG_WARN_QUOTED_INCLUDE_IN_FRAMEWORK_HEADER = YES;
				CLANG_WARN_RANGE_LOOP_ANALYSIS = YES;
				CLANG_WARN_STRICT_PROTOTYPES = YES;
				CLANG_WARN_SUSPICIOUS_MOVE = YES;
				CLANG_WARN_UNGUARDED_AVAILABILITY = YES_AGGRESSIVE;
				CLANG_WARN_UNREACHABLE_CODE = YES;
				CLANG_WARN__DUPLICATE_METHOD_MATCH = YES;
				COPY_PHASE_STRIP = NO;
				DEBUG_INFORMATION_FORMAT = "dwarf-with-dsym";
				ENABLE_NS_ASSERTIONS = NO;
				ENABLE_STRICT_OBJC_MSGSEND = YES;
				GCC_C_LANGUAGE_STANDARD = gnu11;
				GCC_NO_COMMON_BLOCKS = YES;
				GCC_WARN_64_TO_32_BIT_CONVERSION = YES;
				GCC_WARN_ABOUT_RETURN_TYPE = YES_ERROR;
				GCC_WARN_UNDECLARED_SELECTOR = YES;
				GCC_WARN_UNINITIALIZED_AUTOS = YES_AGGRESSIVE;
				GCC_WARN_UNUSED_FUNCTION = YES;
				GCC_WARN_UNUSED_VARIABLE = YES;
				IPHONEOS_DEPLOYMENT_TARGET = 14.5;
				MTL_ENABLE_DEBUG_INFO = NO;
				MTL_FAST_MATH = YES;
				SDKROOT = iphoneos;
				SWIFT_COMPILATION_MODE = wholemodule;
				SWIFT_OPTIMIZATION_LEVEL = "-O";
				VALIDATE_PRODUCT = YES;
			};
			name = Release;
		};
		525355792766539100194E3B /* Debug */ = {
			isa = XCBuildConfiguration;
			baseConfigurationReference = D14EE0DD4FC5A466B051D7E8 /* Pods-Pattern_Puzzles.debug.xcconfig */;
			buildSettings = {
				ASSETCATALOG_COMPILER_APPICON_NAME = AppIcon;
				ASSETCATALOG_COMPILER_GLOBAL_ACCENT_COLOR_NAME = AccentColor;
				CODE_SIGN_STYLE = Automatic;
				DEVELOPMENT_ASSET_PATHS = "\"Pattern_Puzzles/Preview Content\"";
				DEVELOPMENT_TEAM = ZV685D9UZ4;
				ENABLE_PREVIEWS = YES;
				INFOPLIST_FILE = Pattern_Puzzles/Info.plist;
				IPHONEOS_DEPLOYMENT_TARGET = 14.0;
				LD_RUNPATH_SEARCH_PATHS = (
					"$(inherited)",
					"@executable_path/Frameworks",
				);
				PRODUCT_BUNDLE_IDENTIFIER = "dSuperr.Pattern-Puzzles";
				PRODUCT_NAME = "$(TARGET_NAME)";
				SWIFT_VERSION = 5.0;
				TARGETED_DEVICE_FAMILY = "1,2";
			};
			name = Debug;
		};
		5253557A2766539100194E3B /* Release */ = {
			isa = XCBuildConfiguration;
			baseConfigurationReference = 9E3A1E5B97D80D1353F0D0CF /* Pods-Pattern_Puzzles.release.xcconfig */;
			buildSettings = {
				ASSETCATALOG_COMPILER_APPICON_NAME = AppIcon;
				ASSETCATALOG_COMPILER_GLOBAL_ACCENT_COLOR_NAME = AccentColor;
				CODE_SIGN_STYLE = Automatic;
				DEVELOPMENT_ASSET_PATHS = "\"Pattern_Puzzles/Preview Content\"";
				DEVELOPMENT_TEAM = ZV685D9UZ4;
				ENABLE_PREVIEWS = YES;
				INFOPLIST_FILE = Pattern_Puzzles/Info.plist;
				IPHONEOS_DEPLOYMENT_TARGET = 14.0;
				LD_RUNPATH_SEARCH_PATHS = (
					"$(inherited)",
					"@executable_path/Frameworks",
				);
				PRODUCT_BUNDLE_IDENTIFIER = "dSuperr.Pattern-Puzzles";
				PRODUCT_NAME = "$(TARGET_NAME)";
				SWIFT_VERSION = 5.0;
				TARGETED_DEVICE_FAMILY = "1,2";
			};
			name = Release;
		};
/* End XCBuildConfiguration section */

/* Begin XCConfigurationList section */
		525355642766538D00194E3B /* Build configuration list for PBXProject "Pattern_Puzzles" */ = {
			isa = XCConfigurationList;
			buildConfigurations = (
				525355762766539100194E3B /* Debug */,
				525355772766539100194E3B /* Release */,
			);
			defaultConfigurationIsVisible = 0;
			defaultConfigurationName = Release;
		};
		525355782766539100194E3B /* Build configuration list for PBXNativeTarget "Pattern_Puzzles" */ = {
			isa = XCConfigurationList;
			buildConfigurations = (
				525355792766539100194E3B /* Debug */,
				5253557A2766539100194E3B /* Release */,
			);
			defaultConfigurationIsVisible = 0;
			defaultConfigurationName = Release;
		};
/* End XCConfigurationList section */
	};
	rootObject = 525355612766538D00194E3B /* Project object */;
}
